
Microsoft Visual Studio Solution File, Format Version 12.00
# Visual Studio Version 16
VisualStudioVersion = 16.0.31702.278
MinimumVisualStudioVersion = 10.0.40219.1
Project("{FAE04EC0-301F-11D3-BF4B-00C04F79EFBC}") = "ProyectoAgenda", "ProyectoAgenda\ProyectoAgenda.csproj", "{FD8C84A4-7715-4513-877B-BD55599B05CE}"
EndProject
Global
	GlobalSection(SolutionConfigurationPlatforms) = preSolution
		Debug|Any CPU = Debug|Any CPU
		Release|Any CPU = Release|Any CPU
	EndGlobalSection
	GlobalSection(ProjectConfigurationPlatforms) = postSolution
		{FD8C84A4-7715-4513-877B-BD55599B05CE}.Debug|Any CPU.ActiveCfg = Debug|Any CPU
		{FD8C84A4-7715-4513-877B-BD55599B05CE}.Debug|Any CPU.Build.0 = Debug|Any CPU
		{FD8C84A4-7715-4513-877B-BD55599B05CE}.Release|Any CPU.ActiveCfg = Release|Any CPU
		{FD8C84A4-7715-4513-877B-BD55599B05CE}.Release|Any CPU.Build.0 = Release|Any CPU
	EndGlobalSection
	GlobalSection(SolutionProperties) = preSolution
		HideSolutionNode = FALSE
	EndGlobalSection
	GlobalSection(ExtensibilityGlobals) = postSolution
		SolutionGuid = {280BDA50-214B-4DD8-B82D-FC210F14D8CD}
	EndGlobalSection
EndGlobal
